
Microsoft Visual Studio Solution File, Format Version 12.00
# Visual Studio 15
VisualStudioVersion = 15.0.28307.1259
MinimumVisualStudioVersion = 10.0.40219.1
Project("{FAE04EC0-301F-11D3-BF4B-00C04F79EFBC}") = "PsikojikDestekProje2020", "PsikojikDestekProje2020\PsikojikDestekProje2020.csproj", "{4C0C96DB-3943-4992-B383-04BBB62B504E}"
EndProject
Global
	GlobalSection(SolutionConfigurationPlatforms) = preSolution
		Debug|Any CPU = Debug|Any CPU
		Release|Any CPU = Release|Any CPU
	EndGlobalSection
	GlobalSection(ProjectConfigurationPlatforms) = postSolution
		{4C0C96DB-3943-4992-B383-04BBB62B504E}.Debug|Any CPU.ActiveCfg = Debug|Any CPU
		{4C0C96DB-3943-4992-B383-04BBB62B504E}.Debug|Any CPU.Build.0 = Debug|Any CPU
		{4C0C96DB-3943-4992-B383-04BBB62B504E}.Release|Any CPU.ActiveCfg = Release|Any CPU
		{4C0C96DB-3943-4992-B383-04BBB62B504E}.Release|Any CPU.Build.0 = Release|Any CPU
	EndGlobalSection
	GlobalSection(SolutionProperties) = preSolution
		HideSolutionNode = FALSE
	EndGlobalSection
	GlobalSection(ExtensibilityGlobals) = postSolution
		SolutionGuid = {3E7A5060-F9B0-4EB6-BB88-97AD93F46675}
	EndGlobalSection
EndGlobal
